lockfileVersion: '6.0'

dependencies:
  colors:
    specifier: ^1.4.0
    version: 1.4.0

devDependencies:
  cpplint.js:
    specifier: ^2.0.0
    version: 2.0.0

packages:

  /colors@1.4.0:
    resolution: {integrity: sha512-a+UqTh4kgZg/SlGvfbzDHpgRu7AAQOmmqRHJnxhRZICKFUT91brVhNNt58CMWU9PsBbv3PDCZUHbVxuDiH2mtA==}
    engines: {node: '>=0.1.90'}
    dev: false

  /cpplint.js@2.0.0:
    resolution: {integrity: sha512-3TSWnNbac6XHvbUQcbNILJxMG1EifICmLmc2ZtUWjT5KWsvrIpSbC+BLrM5wAYsc5mFAMI5buFtV47bLuR0qsw==}
    hasBin: true
    requiresBuild: true
    dependencies:
      detect-python-interpreter: 1.0.0
    dev: true

  /detect-python-interpreter@1.0.0:
    resolution: {integrity: sha512-fp/4GkvdS3GOeh31EeMvOpI4uVIIBqxdKD78+47aBLEAVE5QKX3i7ireWy9LnWAOWHG8rY/cczrYaQVRyMxqcg==}
    requiresBuild: true
    dev: true
